
Microsoft Visual Studio Solution File, Format Version 12.00
# Visual Studio Version 17
VisualStudioVersion = 17.0.31903.59
MinimumVisualStudioVersion = 10.0.40219.1
Project("{2150E333-8FDC-42A3-9474-1A3956D46DE8}") = "src", "src", "{38DA4C7A-4814-4DD8-9760-1ECFBAF07861}"
EndProject
Project("{FAE04EC0-301F-11D3-BF4B-00C04F79EFBC}") = "MySpot.Api", "src\MySpot.Api\MySpot.Api.csproj", "{8B56E6D1-CBD6-4F8F-BFC0-C128F8A39237}"
EndProject
Project("{2150E333-8FDC-42A3-9474-1A3956D46DE8}") = "tests", "tests", "{36BBC112-55BB-4CEA-BAA4-4F7E6423CBDE}"
EndProject
Project("{FAE04EC0-301F-11D3-BF4B-00C04F79EFBC}") = "MySpot.UnitTests", "tests\MySpot.UnitTests\MySpot.UnitTests.csproj", "{D90454F1-B895-42F4-A7B3-12FB65B99DC5}"
EndProject
Project("{FAE04EC0-301F-11D3-BF4B-00C04F79EFBC}") = "MySpot.Core", "src\MySpot.Core\MySpot.Core.csproj", "{3BE7F586-5FBC-44FB-8061-91D9F2F29EC3}"
EndProject
Project("{FAE04EC0-301F-11D3-BF4B-00C04F79EFBC}") = "MySpot.Application", "src\MySpot.Application\MySpot.Application.csproj", "{01C2F37A-DB8F-48CA-97EA-6BD8392673F3}"
EndProject
Project("{FAE04EC0-301F-11D3-BF4B-00C04F79EFBC}") = "MySpot.Infrastructure", "src\MySpot.Infrastructure\MySpot.Infrastructure.csproj", "{473F69F5-C540-4C33-9598-779C38B058DD}"
EndProject
Global
	GlobalSection(SolutionConfigurationPlatforms) = preSolution
		Debug|Any CPU = Debug|Any CPU
		Release|Any CPU = Release|Any CPU
	EndGlobalSection
	GlobalSection(SolutionProperties) = preSolution
		HideSolutionNode = FALSE
	EndGlobalSection
	GlobalSection(ProjectConfigurationPlatforms) = postSolution
		{8B56E6D1-CBD6-4F8F-BFC0-C128F8A39237}.Debug|Any CPU.ActiveCfg = Debug|Any CPU
		{8B56E6D1-CBD6-4F8F-BFC0-C128F8A39237}.Debug|Any CPU.Build.0 = Debug|Any CPU
		{8B56E6D1-CBD6-4F8F-BFC0-C128F8A39237}.Release|Any CPU.ActiveCfg = Release|Any CPU
		{8B56E6D1-CBD6-4F8F-BFC0-C128F8A39237}.Release|Any CPU.Build.0 = Release|Any CPU
		{D90454F1-B895-42F4-A7B3-12FB65B99DC5}.Debug|Any CPU.ActiveCfg = Debug|Any CPU
		{D90454F1-B895-42F4-A7B3-12FB65B99DC5}.Debug|Any CPU.Build.0 = Debug|Any CPU
		{D90454F1-B895-42F4-A7B3-12FB65B99DC5}.Release|Any CPU.ActiveCfg = Release|Any CPU
		{D90454F1-B895-42F4-A7B3-12FB65B99DC5}.Release|Any CPU.Build.0 = Release|Any CPU
		{3BE7F586-5FBC-44FB-8061-91D9F2F29EC3}.Debug|Any CPU.ActiveCfg = Debug|Any CPU
		{3BE7F586-5FBC-44FB-8061-91D9F2F29EC3}.Debug|Any CPU.Build.0 = Debug|Any CPU
		{3BE7F586-5FBC-44FB-8061-91D9F2F29EC3}.Release|Any CPU.ActiveCfg = Release|Any CPU
		{3BE7F586-5FBC-44FB-8061-91D9F2F29EC3}.Release|Any CPU.Build.0 = Release|Any CPU
		{01C2F37A-DB8F-48CA-97EA-6BD8392673F3}.Debug|Any CPU.ActiveCfg = Debug|Any CPU
		{01C2F37A-DB8F-48CA-97EA-6BD8392673F3}.Debug|Any CPU.Build.0 = Debug|Any CPU
		{01C2F37A-DB8F-48CA-97EA-6BD8392673F3}.Release|Any CPU.ActiveCfg = Release|Any CPU
		{01C2F37A-DB8F-48CA-97EA-6BD8392673F3}.Release|Any CPU.Build.0 = Release|Any CPU
		{473F69F5-C540-4C33-9598-779C38B058DD}.Debug|Any CPU.ActiveCfg = Debug|Any CPU
		{473F69F5-C540-4C33-9598-779C38B058DD}.Debug|Any CPU.Build.0 = Debug|Any CPU
		{473F69F5-C540-4C33-9598-779C38B058DD}.Release|Any CPU.ActiveCfg = Release|Any CPU
		{473F69F5-C540-4C33-9598-779C38B058DD}.Release|Any CPU.Build.0 = Release|Any CPU
	EndGlobalSection
	GlobalSection(NestedProjects) = preSolution
		{8B56E6D1-CBD6-4F8F-BFC0-C128F8A39237} = {38DA4C7A-4814-4DD8-9760-1ECFBAF07861}
		{D90454F1-B895-42F4-A7B3-12FB65B99DC5} = {36BBC112-55BB-4CEA-BAA4-4F7E6423CBDE}
		{3BE7F586-5FBC-44FB-8061-91D9F2F29EC3} = {38DA4C7A-4814-4DD8-9760-1ECFBAF07861}
		{01C2F37A-DB8F-48CA-97EA-6BD8392673F3} = {38DA4C7A-4814-4DD8-9760-1ECFBAF07861}
		{473F69F5-C540-4C33-9598-779C38B058DD} = {38DA4C7A-4814-4DD8-9760-1ECFBAF07861}
	EndGlobalSection
EndGlobal
